
Microsoft Visual Studio Solution File, Format Version 12.00
# Visual Studio Version 16
VisualStudioVersion = 16.0.31515.178
MinimumVisualStudioVersion = 10.0.40219.1
Project("{FAE04EC0-301F-11D3-BF4B-00C04F79EFBC}") = "QuanLyHocSinh.App", "QuanLyHocSinh.App\QuanLyHocSinh.App.csproj", "{E51A78AD-9092-4CBA-AF79-15181EAAA1E7}"
EndProject
Project("{FAE04EC0-301F-11D3-BF4B-00C04F79EFBC}") = "QuanLyHocSinh.ApiServices", "QuanLyHocSinh.ApiServices\QuanLyHocSinh.ApiServices.csproj", "{5239CBDE-34E2-48E5-A16D-8E132B69AA6B}"
EndProject
Project("{FAE04EC0-301F-11D3-BF4B-00C04F79EFBC}") = "QuanLyHocSinh.Models", "QuanLyHocSinh.Models\QuanLyHocSinh.Models.csproj", "{E6535CDC-365C-4F0C-B074-73674EA10D5D}"
EndProject
Global
	GlobalSection(SolutionConfigurationPlatforms) = preSolution
		Debug|Any CPU = Debug|Any CPU
		Release|Any CPU = Release|Any CPU
	EndGlobalSection
	GlobalSection(ProjectConfigurationPlatforms) = postSolution
		{E51A78AD-9092-4CBA-AF79-15181EAAA1E7}.Debug|Any CPU.ActiveCfg = Debug|Any CPU
		{E51A78AD-9092-4CBA-AF79-15181EAAA1E7}.Debug|Any CPU.Build.0 = Debug|Any CPU
		{E51A78AD-9092-4CBA-AF79-15181EAAA1E7}.Release|Any CPU.ActiveCfg = Release|Any CPU
		{E51A78AD-9092-4CBA-AF79-15181EAAA1E7}.Release|Any CPU.Build.0 = Release|Any CPU
		{5239CBDE-34E2-48E5-A16D-8E132B69AA6B}.Debug|Any CPU.ActiveCfg = Debug|Any CPU
		{5239CBDE-34E2-48E5-A16D-8E132B69AA6B}.Debug|Any CPU.Build.0 = Debug|Any CPU
		{5239CBDE-34E2-48E5-A16D-8E132B69AA6B}.Release|Any CPU.ActiveCfg = Release|Any CPU
		{5239CBDE-34E2-48E5-A16D-8E132B69AA6B}.Release|Any CPU.Build.0 = Release|Any CPU
		{E6535CDC-365C-4F0C-B074-73674EA10D5D}.Debug|Any CPU.ActiveCfg = Debug|Any CPU
		{E6535CDC-365C-4F0C-B074-73674EA10D5D}.Debug|Any CPU.Build.0 = Debug|Any CPU
		{E6535CDC-365C-4F0C-B074-73674EA10D5D}.Release|Any CPU.ActiveCfg = Release|Any CPU
		{E6535CDC-365C-4F0C-B074-73674EA10D5D}.Release|Any CPU.Build.0 = Release|Any CPU
	EndGlobalSection
	GlobalSection(SolutionProperties) = preSolution
		HideSolutionNode = FALSE
	EndGlobalSection
	GlobalSection(ExtensibilityGlobals) = postSolution
		SolutionGuid = {F08C06A6-CD9D-4BCE-9975-574A15D34B81}
	EndGlobalSection
EndGlobal
